# @generated by Move, please check-in and do not edit manually.

[move]
version = 3
manifest_digest = "4D95690399B663D9B2AFE31FD11E6BA75800B07D198158D0D5CD71A94EE8119F"
deps_digest = "3C4103934B1E040BB6B23F1D610B4EF9F2F1166A50A104EADCF77467C004C600"
dependencies = [
  { id = "Iota", name = "Iota" },
  { id = "asset_tokenization", name = "asset_tokenization" },
]

[[move.package]]
id = "Iota"
source = { git = "https://github.com/iotaledger/iota.git", rev = "testnet", subdir = "crates/iota-framework/packages/iota-framework" }

dependencies = [
  { id = "MoveStdlib", name = "MoveStdlib" },
]

[[move.package]]
id = "MoveStdlib"
source = { git = "https://github.com/iotaledger/iota.git", rev = "testnet", subdir = "crates/iota-framework/packages/move-stdlib" }

[[move.package]]
id = "asset_tokenization"
source = { git = "https://github.com/iotaledger/iota.git", rev = "testnet", subdir = "examples/move/asset_tokenization/asset_tokenization" }

dependencies = [
  { id = "Iota", name = "Iota" },
]

[move.toolchain-version]
compiler-version = "0.12.0-rc"
edition = "2024.beta"
flavor = "iota"

[env]

[env.devnet]
chain-id = "e678123a"
original-published-id = "0x23a5036536cdb8d74e52a2d0b99c8b67d8742c45fb61a5758e889869a8fb279f"
latest-published-id = "0x23a5036536cdb8d74e52a2d0b99c8b67d8742c45fb61a5758e889869a8fb279f"
published-version = "1"

[env.testnet]
chain-id = "2304aa97"
original-published-id = "0x1fcf42b9342049846d0ed198ac5ce8b593fce30cc44b96701de0b3ac5e32d293"
latest-published-id = "0x1fcf42b9342049846d0ed198ac5ce8b593fce30cc44b96701de0b3ac5e32d293"
published-version = "1"
